
Microsoft Visual Studio Solution File, Format Version 12.00
# Visual Studio 15
VisualStudioVersion = 15.0.28010.2016
MinimumVisualStudioVersion = 10.0.40219.1
Project("{FAE04EC0-301F-11D3-BF4B-00C04F79EFBC}") = "CandidateTracker.Web", "CandidateTracker.Web\CandidateTracker.Web.csproj", "{4D94B517-2571-4058-8902-6F2289BD65A0}"
EndProject
Project("{FAE04EC0-301F-11D3-BF4B-00C04F79EFBC}") = "CandidateTracker.Data", "CandidateTracker.Data\CandidateTracker.Data.csproj", "{0B6D7EAD-0B19-4375-B7F5-1BA5C0401415}"
EndProject
Global
	GlobalSection(SolutionConfigurationPlatforms) = preSolution
		Debug|Any CPU = Debug|Any CPU
		Release|Any CPU = Release|Any CPU
	EndGlobalSection
	GlobalSection(ProjectConfigurationPlatforms) = postSolution
		{4D94B517-2571-4058-8902-6F2289BD65A0}.Debug|Any CPU.ActiveCfg = Debug|Any CPU
		{4D94B517-2571-4058-8902-6F2289BD65A0}.Debug|Any CPU.Build.0 = Debug|Any CPU
		{4D94B517-2571-4058-8902-6F2289BD65A0}.Release|Any CPU.ActiveCfg = Release|Any CPU
		{4D94B517-2571-4058-8902-6F2289BD65A0}.Release|Any CPU.Build.0 = Release|Any CPU
		{0B6D7EAD-0B19-4375-B7F5-1BA5C0401415}.Debug|Any CPU.ActiveCfg = Debug|Any CPU
		{0B6D7EAD-0B19-4375-B7F5-1BA5C0401415}.Debug|Any CPU.Build.0 = Debug|Any CPU
		{0B6D7EAD-0B19-4375-B7F5-1BA5C0401415}.Release|Any CPU.ActiveCfg = Release|Any CPU
		{0B6D7EAD-0B19-4375-B7F5-1BA5C0401415}.Release|Any CPU.Build.0 = Release|Any CPU
	EndGlobalSection
	GlobalSection(SolutionProperties) = preSolution
		HideSolutionNode = FALSE
	EndGlobalSection
	GlobalSection(ExtensibilityGlobals) = postSolution
		SolutionGuid = {9EFF8F37-6229-4666-B85B-FF5949C4EA9D}
	EndGlobalSection
EndGlobal
